{
  "requires": true,
  "lockfileVersion": 1,
  "dependencies": {
    "@react-native-community/clipboard": {
      "version": "1.5.1",
      "resolved": "https://registry.npmjs.org/@react-native-community/clipboard/-/clipboard-1.5.1.tgz",
      "integrity": "sha512-AHAmrkLEH5UtPaDiRqoULERHh3oNv7Dgs0bTC0hO5Z2GdNokAMPT5w8ci8aMcRemcwbtdHjxChgtjbeA38GBdA=="
    }
  }
}
